
Microsoft Visual Studio Solution File, Format Version 12.00
# Visual Studio Version 17
VisualStudioVersion = 17.6.33815.320
MinimumVisualStudioVersion = 10.0.40219.1
Project("{FAE04EC0-301F-11D3-BF4B-00C04F79EFBC}") = "ContactsAPI", "ContactsAPI\ContactsAPI.csproj", "{10505334-BFD5-40AF-9179-5233EFCAAB80}"
EndProject
Global
	GlobalSection(SolutionConfigurationPlatforms) = preSolution
		Debug|Any CPU = Debug|Any CPU
		Release|Any CPU = Release|Any CPU
	EndGlobalSection
	GlobalSection(ProjectConfigurationPlatforms) = postSolution
		{10505334-BFD5-40AF-9179-5233EFCAAB80}.Debug|Any CPU.ActiveCfg = Debug|Any CPU
		{10505334-BFD5-40AF-9179-5233EFCAAB80}.Debug|Any CPU.Build.0 = Debug|Any CPU
		{10505334-BFD5-40AF-9179-5233EFCAAB80}.Release|Any CPU.ActiveCfg = Release|Any CPU
		{10505334-BFD5-40AF-9179-5233EFCAAB80}.Release|Any CPU.Build.0 = Release|Any CPU
	EndGlobalSection
	GlobalSection(SolutionProperties) = preSolution
		HideSolutionNode = FALSE
	EndGlobalSection
	GlobalSection(ExtensibilityGlobals) = postSolution
		SolutionGuid = {12DCEE7C-B53D-4BAD-898D-332720B04EE8}
	EndGlobalSection
EndGlobal
